
Microsoft Visual Studio Solution File, Format Version 12.00
# Visual Studio Version 17
VisualStudioVersion = 17.13.35931.197 d17.13
MinimumVisualStudioVersion = 10.0.40219.1
Project("{FAE04EC0-301F-11D3-BF4B-00C04F79EFBC}") = "AssetManagementAPI", "AssetManagementAPI\AssetManagementAPI.csproj", "{A8407380-DB44-4379-958D-992204DA66DE}"
EndProject
Global
	GlobalSection(SolutionConfigurationPlatforms) = preSolution
		Debug|Any CPU = Debug|Any CPU
		Release|Any CPU = Release|Any CPU
	EndGlobalSection
	GlobalSection(ProjectConfigurationPlatforms) = postSolution
		{A8407380-DB44-4379-958D-992204DA66DE}.Debug|Any CPU.ActiveCfg = Debug|Any CPU
		{A8407380-DB44-4379-958D-992204DA66DE}.Debug|Any CPU.Build.0 = Debug|Any CPU
		{A8407380-DB44-4379-958D-992204DA66DE}.Release|Any CPU.ActiveCfg = Release|Any CPU
		{A8407380-DB44-4379-958D-992204DA66DE}.Release|Any CPU.Build.0 = Release|Any CPU
	EndGlobalSection
	GlobalSection(SolutionProperties) = preSolution
		HideSolutionNode = FALSE
	EndGlobalSection
	GlobalSection(ExtensibilityGlobals) = postSolution
		SolutionGuid = {8DECC074-A085-4C9F-8207-554C149A7A0D}
	EndGlobalSection
EndGlobal
